
Microsoft Visual Studio Solution File, Format Version 12.00
# Visual Studio Version 17
VisualStudioVersion = 17.4.33205.214
MinimumVisualStudioVersion = 10.0.40219.1
Project("{FAE04EC0-301F-11D3-BF4B-00C04F79EFBC}") = "usingAuthAndGraph", "usingAuthAndGraph\usingAuthAndGraph.csproj", "{C4294DE9-649F-4A5D-B232-0601A0856C60}"
EndProject
Global
	GlobalSection(SolutionConfigurationPlatforms) = preSolution
		Debug|Any CPU = Debug|Any CPU
		Release|Any CPU = Release|Any CPU
	EndGlobalSection
	GlobalSection(ProjectConfigurationPlatforms) = postSolution
		{C4294DE9-649F-4A5D-B232-0601A0856C60}.Debug|Any CPU.ActiveCfg = Debug|Any CPU
		{C4294DE9-649F-4A5D-B232-0601A0856C60}.Debug|Any CPU.Build.0 = Debug|Any CPU
		{C4294DE9-649F-4A5D-B232-0601A0856C60}.Release|Any CPU.ActiveCfg = Release|Any CPU
		{C4294DE9-649F-4A5D-B232-0601A0856C60}.Release|Any CPU.Build.0 = Release|Any CPU
	EndGlobalSection
	GlobalSection(SolutionProperties) = preSolution
		HideSolutionNode = FALSE
	EndGlobalSection
	GlobalSection(ExtensibilityGlobals) = postSolution
		SolutionGuid = {BC0D1510-D451-4BB4-A285-65C2B2F711FE}
	EndGlobalSection
EndGlobal
